// !$*UTF8*$!
{
	archiveVersion = 1;
	classes = {
	};
	objectVersion = 55;
	objects = {

/* Begin PBXBuildFile section */
		743B7757283FC21100B29E46 /* HTTPMethod.swift in Sources */ = {isa = PBXBuildFile; fileRef = 743B7753283FC21100B29E46 /* HTTPMethod.swift */; };
		743B7758283FC21100B29E46 /* NetworkService.swift in Sources */ = {isa = PBXBuildFile; fileRef = 743B7754283FC21100B29E46 /* NetworkService.swift */; };
		743B7759283FC21100B29E46 /* Router.swift in Sources */ = {isa = PBXBuildFile; fileRef = 743B7755283FC21100B29E46 /* Router.swift */; };
		743B775A283FC21100B29E46 /* NetworkError.swift in Sources */ = {isa = PBXBuildFile; fileRef = 743B7756283FC21100B29E46 /* NetworkError.swift */; };
		743B775D2840166600B29E46 /* StocksService.swift in Sources */ = {isa = PBXBuildFile; fileRef = 743B775C2840166600B29E46 /* StocksService.swift */; };
		743B77652840D0C100B29E46 /* DetailStockViewController.swift in Sources */ = {isa = PBXBuildFile; fileRef = 743B77642840D0C100B29E46 /* DetailStockViewController.swift */; };
		744A9AFB284297BB005B5523 /* StocksPresenter.swift in Sources */ = {isa = PBXBuildFile; fileRef = 744A9AFA284297BB005B5523 /* StocksPresenter.swift */; };
		744A9AFE2842A903005B5523 /* StocksRouter.swift in Sources */ = {isa = PBXBuildFile; fileRef = 744A9AFD2842A903005B5523 /* StocksRouter.swift */; };
		744A9B002842A97F005B5523 /* StockModel.swift in Sources */ = {isa = PBXBuildFile; fileRef = 744A9AFF2842A97F005B5523 /* StockModel.swift */; };
		744A9B022842AA1E005B5523 /* StockResponse.swift in Sources */ = {isa = PBXBuildFile; fileRef = 744A9B012842AA1E005B5523 /* StockResponse.swift */; };
		74B7F907283D268900F303CD /* AppDelegate.swift in Sources */ = {isa = PBXBuildFile; fileRef = 74B7F906283D268900F303CD /* AppDelegate.swift */; };
		74B7F90B283D268900F303CD /* StocksViewController.swift in Sources */ = {isa = PBXBuildFile; fileRef = 74B7F90A283D268900F303CD /* StocksViewController.swift */; };
		74B7F910283D268E00F303CD /* Assets.xcassets in Resources */ = {isa = PBXBuildFile; fileRef = 74B7F90F283D268E00F303CD /* Assets.xcassets */; };
		74B7F91B283D2DB300F303CD /* StockCell.swift in Sources */ = {isa = PBXBuildFile; fileRef = 74B7F91A283D2DB300F303CD /* StockCell.swift */; };
		74B7F922283D491500F303CD /* Extensions.swift in Sources */ = {isa = PBXBuildFile; fileRef = 74B7F921283D491500F303CD /* Extensions.swift */; };
		74B7F927283D4BB600F303CD /* Montserrat-Regular.ttf in Resources */ = {isa = PBXBuildFile; fileRef = 74B7F923283D4BB600F303CD /* Montserrat-Regular.ttf */; };
		74B7F928283D4BB600F303CD /* Montserrat-Bold.ttf in Resources */ = {isa = PBXBuildFile; fileRef = 74B7F924283D4BB600F303CD /* Montserrat-Bold.ttf */; };
		74B7F929283D4BB600F303CD /* Montserrat-Medium.ttf in Resources */ = {isa = PBXBuildFile; fileRef = 74B7F925283D4BB600F303CD /* Montserrat-Medium.ttf */; };
		74B7F92A283D4BB600F303CD /* Montserrat-Light.ttf in Resources */ = {isa = PBXBuildFile; fileRef = 74B7F926283D4BB600F303CD /* Montserrat-Light.ttf */; };
		74B7F92F283D638B00F303CD /* Montserrat-SemiBold.ttf in Resources */ = {isa = PBXBuildFile; fileRef = 74B7F92E283D638B00F303CD /* Montserrat-SemiBold.ttf */; };
		74C0B8F52843DF07005C79E7 /* ModuleBulilder.swift in Sources */ = {isa = PBXBuildFile; fileRef = 74C0B8F42843DF07005C79E7 /* ModuleBulilder.swift */; };
		74C0B8FC28441587005C79E7 /* StockDetailPresenter.swift in Sources */ = {isa = PBXBuildFile; fileRef = 74C0B8FB28441587005C79E7 /* StockDetailPresenter.swift */; };
		74C0B8FE28441982005C79E7 /* StockDetailModel.swift in Sources */ = {isa = PBXBuildFile; fileRef = 74C0B8FD28441982005C79E7 /* StockDetailModel.swift */; };
/* End PBXBuildFile section */

/* Begin PBXFileReference section */
		743B7753283FC21100B29E46 /* HTTPMethod.swift */ = {isa = PBXFileReference; fileEncoding = 4; lastKnownFileType = sourcecode.swift; path = HTTPMethod.swift; sourceTree = "<group>"; };
		743B7754283FC21100B29E46 /* NetworkService.swift */ = {isa = PBXFileReference; fileEncoding = 4; lastKnownFileType = sourcecode.swift; path = NetworkService.swift; sourceTree = "<group>"; };
		743B7755283FC21100B29E46 /* Router.swift */ = {isa = PBXFileReference; fileEncoding = 4; lastKnownFileType = sourcecode.swift; path = Router.swift; sourceTree = "<group>"; };
		743B7756283FC21100B29E46 /* NetworkError.swift */ = {isa = PBXFileReference; fileEncoding = 4; lastKnownFileType = sourcecode.swift; path = NetworkError.swift; sourceTree = "<group>"; };
		743B775C2840166600B29E46 /* StocksService.swift */ = {isa = PBXFileReference; lastKnownFileType = sourcecode.swift; path = StocksService.swift; sourceTree = "<group>"; };
		743B77642840D0C100B29E46 /* DetailStockViewController.swift */ = {isa = PBXFileReference; lastKnownFileType = sourcecode.swift; path = DetailStockViewController.swift; sourceTree = "<group>"; };
		744A9AFA284297BB005B5523 /* StocksPresenter.swift */ = {isa = PBXFileReference; lastKnownFileType = sourcecode.swift; path = StocksPresenter.swift; sourceTree = "<group>"; };
		744A9AFD2842A903005B5523 /* StocksRouter.swift */ = {isa = PBXFileReference; lastKnownFileType = sourcecode.swift; path = StocksRouter.swift; sourceTree = "<group>"; };
		744A9AFF2842A97F005B5523 /* StockModel.swift */ = {isa = PBXFileReference; lastKnownFileType = sourcecode.swift; path = StockModel.swift; sourceTree = "<group>"; };
		744A9B012842AA1E005B5523 /* StockResponse.swift */ = {isa = PBXFileReference; lastKnownFileType = sourcecode.swift; path = StockResponse.swift; sourceTree = "<group>"; };
		74B7F903283D268900F303CD /* StocksApp.app */ = {isa = PBXFileReference; explicitFileType = wrapper.application; includeInIndex = 0; path = StocksApp.app; sourceTree = BUILT_PRODUCTS_DIR; };
		74B7F906283D268900F303CD /* AppDelegate.swift */ = {isa = PBXFileReference; lastKnownFileType = sourcecode.swift; path = AppDelegate.swift; sourceTree = "<group>"; };
		74B7F90A283D268900F303CD /* StocksViewController.swift */ = {isa = PBXFileReference; lastKnownFileType = sourcecode.swift; path = StocksViewController.swift; sourceTree = "<group>"; };
		74B7F90F283D268E00F303CD /* Assets.xcassets */ = {isa = PBXFileReference; lastKnownFileType = folder.assetcatalog; path = Assets.xcassets; sourceTree = "<group>"; };
		74B7F914283D268E00F303CD /* Info.plist */ = {isa = PBXFileReference; lastKnownFileType = text.plist.xml; path = Info.plist; sourceTree = "<group>"; };
		74B7F91A283D2DB300F303CD /* StockCell.swift */ = {isa = PBXFileReference; lastKnownFileType = sourcecode.swift; path = StockCell.swift; sourceTree = "<group>"; };
		74B7F921283D491500F303CD /* Extensions.swift */ = {isa = PBXFileReference; lastKnownFileType = sourcecode.swift; path = Extensions.swift; sourceTree = "<group>"; };
		74B7F923283D4BB600F303CD /* Montserrat-Regular.ttf */ = {isa = PBXFileReference; lastKnownFileType = file; path = "Montserrat-Regular.ttf"; sourceTree = "<group>"; };
		74B7F924283D4BB600F303CD /* Montserrat-Bold.ttf */ = {isa = PBXFileReference; lastKnownFileType = file; path = "Montserrat-Bold.ttf"; sourceTree = "<group>"; };
		74B7F925283D4BB600F303CD /* Montserrat-Medium.ttf */ = {isa = PBXFileReference; lastKnownFileType = file; path = "Montserrat-Medium.ttf"; sourceTree = "<group>"; };
		74B7F926283D4BB600F303CD /* Montserrat-Light.ttf */ = {isa = PBXFileReference; lastKnownFileType = file; path = "Montserrat-Light.ttf"; sourceTree = "<group>"; };
		74B7F92E283D638B00F303CD /* Montserrat-SemiBold.ttf */ = {isa = PBXFileReference; lastKnownFileType = file; path = "Montserrat-SemiBold.ttf"; sourceTree = "<group>"; };
		74C0B8F42843DF07005C79E7 /* ModuleBulilder.swift */ = {isa = PBXFileReference; lastKnownFileType = sourcecode.swift; path = ModuleBulilder.swift; sourceTree = "<group>"; };
		74C0B8FB28441587005C79E7 /* StockDetailPresenter.swift */ = {isa = PBXFileReference; lastKnownFileType = sourcecode.swift; path = StockDetailPresenter.swift; sourceTree = "<group>"; };
		74C0B8FD28441982005C79E7 /* StockDetailModel.swift */ = {isa = PBXFileReference; lastKnownFileType = sourcecode.swift; path = StockDetailModel.swift; sourceTree = "<group>"; };
/* End PBXFileReference section */

/* Begin PBXFrameworksBuildPhase section */
		74B7F900283D268900F303CD /* Frameworks */ = {
			isa = PBXFrameworksBuildPhase;
			buildActionMask = 2147483647;
			files = (
			);
			runOnlyForDeploymentPostprocessing = 0;
		};
/* End PBXFrameworksBuildPhase section */

/* Begin PBXGroup section */
		743B774A283FB9FD00B29E46 /* Suppoting Files */ = {
			isa = PBXGroup;
			children = (
				74B7F906283D268900F303CD /* AppDelegate.swift */,
				74B7F90F283D268E00F303CD /* Assets.xcassets */,
				74B7F914283D268E00F303CD /* Info.plist */,
			);
			path = "Suppoting Files";
			sourceTree = "<group>";
		};
		743B774B283FC04700B29E46 /* Screens */ = {
			isa = PBXGroup;
			children = (
				743B775B2840163700B29E46 /* StockService */,
				743B774C283FC05500B29E46 /* StocksScreen */,
				743B77602840D06300B29E46 /* DetailStockScreen */,
			);
			path = Screens;
			sourceTree = "<group>";
		};
		743B774C283FC05500B29E46 /* StocksScreen */ = {
			isa = PBXGroup;
			children = (
				743B774F283FC07800B29E46 /* Model */,
				743B774E283FC07300B29E46 /* View */,
				743B774D283FC06A00B29E46 /* Presenter */,
			);
			path = StocksScreen;
			sourceTree = "<group>";
		};
		743B774D283FC06A00B29E46 /* Presenter */ = {
			isa = PBXGroup;
			children = (
				744A9AFA284297BB005B5523 /* StocksPresenter.swift */,
			);
			path = Presenter;
			sourceTree = "<group>";
		};
		743B774E283FC07300B29E46 /* View */ = {
			isa = PBXGroup;
			children = (
				743B7750283FC0A300B29E46 /* Cell */,
				74B7F90A283D268900F303CD /* StocksViewController.swift */,
			);
			path = View;
			sourceTree = "<group>";
		};
		743B774F283FC07800B29E46 /* Model */ = {
			isa = PBXGroup;
			children = (
				744A9AFF2842A97F005B5523 /* StockModel.swift */,
			);
			path = Model;
			sourceTree = "<group>";
		};
		743B7750283FC0A300B29E46 /* Cell */ = {
			isa = PBXGroup;
			children = (
				74B7F91A283D2DB300F303CD /* StockCell.swift */,
			);
			path = Cell;
			sourceTree = "<group>";
		};
		743B7751283FC10400B29E46 /* Services */ = {
			isa = PBXGroup;
			children = (
				743B7752283FC11800B29E46 /* NetworkService */,
			);
			path = Services;
			sourceTree = "<group>";
		};
		743B7752283FC11800B29E46 /* NetworkService */ = {
			isa = PBXGroup;
			children = (
				743B7753283FC21100B29E46 /* HTTPMethod.swift */,
				743B7756283FC21100B29E46 /* NetworkError.swift */,
				743B7754283FC21100B29E46 /* NetworkService.swift */,
				743B7755283FC21100B29E46 /* Router.swift */,
			);
			path = NetworkService;
			sourceTree = "<group>";
		};
		743B775B2840163700B29E46 /* StockService */ = {
			isa = PBXGroup;
			children = (
				744A9B012842AA1E005B5523 /* StockResponse.swift */,
				744A9AFD2842A903005B5523 /* StocksRouter.swift */,
				743B775C2840166600B29E46 /* StocksService.swift */,
			);
			path = StockService;
			sourceTree = "<group>";
		};
		743B77602840D06300B29E46 /* DetailStockScreen */ = {
			isa = PBXGroup;
			children = (
				743B77622840D0A500B29E46 /* Model */,
				743B77612840D09F00B29E46 /* View */,
				743B77632840D0AC00B29E46 /* Presenter */,
			);
			path = DetailStockScreen;
			sourceTree = "<group>";
		};
		743B77612840D09F00B29E46 /* View */ = {
			isa = PBXGroup;
			children = (
				743B77642840D0C100B29E46 /* DetailStockViewController.swift */,
			);
			path = View;
			sourceTree = "<group>";
		};
		743B77622840D0A500B29E46 /* Model */ = {
			isa = PBXGroup;
			children = (
				74C0B8FD28441982005C79E7 /* StockDetailModel.swift */,
			);
			path = Model;
			sourceTree = "<group>";
		};
		743B77632840D0AC00B29E46 /* Presenter */ = {
			isa = PBXGroup;
			children = (
				74C0B8FB28441587005C79E7 /* StockDetailPresenter.swift */,
			);
			path = Presenter;
			sourceTree = "<group>";
		};
		744A9AFC2842A75A005B5523 /* Core */ = {
			isa = PBXGroup;
			children = (
				743B7751283FC10400B29E46 /* Services */,
				74B7F92B283D594900F303CD /* Extension */,
				74C0B8F42843DF07005C79E7 /* ModuleBulilder.swift */,
			);
			path = Core;
			sourceTree = "<group>";
		};
		74B7F8FA283D268900F303CD = {
			isa = PBXGroup;
			children = (
				74B7F905283D268900F303CD /* StocksApp */,
				74B7F904283D268900F303CD /* Products */,
			);
			sourceTree = "<group>";
		};
		74B7F904283D268900F303CD /* Products */ = {
			isa = PBXGroup;
			children = (
				74B7F903283D268900F303CD /* StocksApp.app */,
			);
			name = Products;
			sourceTree = "<group>";
		};
		74B7F905283D268900F303CD /* StocksApp */ = {
			isa = PBXGroup;
			children = (
				744A9AFC2842A75A005B5523 /* Core */,
				743B774B283FC04700B29E46 /* Screens */,
				74B7F91C283D480E00F303CD /* Font */,
				743B774A283FB9FD00B29E46 /* Suppoting Files */,
			);
			path = StocksApp;
			sourceTree = "<group>";
		};
		74B7F91C283D480E00F303CD /* Font */ = {
			isa = PBXGroup;
			children = (
				74B7F924283D4BB600F303CD /* Montserrat-Bold.ttf */,
				74B7F926283D4BB600F303CD /* Montserrat-Light.ttf */,
				74B7F92E283D638B00F303CD /* Montserrat-SemiBold.ttf */,
				74B7F925283D4BB600F303CD /* Montserrat-Medium.ttf */,
				74B7F923283D4BB600F303CD /* Montserrat-Regular.ttf */,
			);
			path = Font;
			sourceTree = "<group>";
		};
		74B7F92B283D594900F303CD /* Extension */ = {
			isa = PBXGroup;
			children = (
				74B7F921283D491500F303CD /* Extensions.swift */,
			);
			path = Extension;
			sourceTree = "<group>";
		};
/* End PBXGroup section */

/* Begin PBXNativeTarget section */
		74B7F902283D268900F303CD /* StocksApp */ = {
			isa = PBXNativeTarget;
			buildConfigurationList = 74B7F917283D268E00F303CD /* Build configuration list for PBXNativeTarget "StocksApp" */;
			buildPhases = (
				74B7F8FF283D268900F303CD /* Sources */,
				74B7F900283D268900F303CD /* Frameworks */,
				74B7F901283D268900F303CD /* Resources */,
			);
			buildRules = (
			);
			dependencies = (
			);
			name = StocksApp;
			productName = StocksApp;
			productReference = 74B7F903283D268900F303CD /* StocksApp.app */;
			productType = "com.apple.product-type.application";
		};
/* End PBXNativeTarget section */

/* Begin PBXProject section */
		74B7F8FB283D268900F303CD /* Project object */ = {
			isa = PBXProject;
			attributes = {
				BuildIndependentTargetsInParallel = 1;
				LastSwiftUpdateCheck = 1340;
				LastUpgradeCheck = 1340;
				TargetAttributes = {
					74B7F902283D268900F303CD = {
						CreatedOnToolsVersion = 13.4;
					};
				};
			};
			buildConfigurationList = 74B7F8FE283D268900F303CD /* Build configuration list for PBXProject "StocksApp" */;
			compatibilityVersion = "Xcode 13.0";
			developmentRegion = en;
			hasScannedForEncodings = 0;
			knownRegions = (
				en,
				Base,
			);
			mainGroup = 74B7F8FA283D268900F303CD;
			productRefGroup = 74B7F904283D268900F303CD /* Products */;
			projectDirPath = "";
			projectRoot = "";
			targets = (
				74B7F902283D268900F303CD /* StocksApp */,
			);
		};
/* End PBXProject section */

/* Begin PBXResourcesBuildPhase section */
		74B7F901283D268900F303CD /* Resources */ = {
			isa = PBXResourcesBuildPhase;
			buildActionMask = 2147483647;
			files = (
				74B7F92F283D638B00F303CD /* Montserrat-SemiBold.ttf in Resources */,
				74B7F92A283D4BB600F303CD /* Montserrat-Light.ttf in Resources */,
				74B7F927283D4BB600F303CD /* Montserrat-Regular.ttf in Resources */,
				74B7F910283D268E00F303CD /* Assets.xcassets in Resources */,
				74B7F929283D4BB600F303CD /* Montserrat-Medium.ttf in Resources */,
				74B7F928283D4BB600F303CD /* Montserrat-Bold.ttf in Resources */,
			);
			runOnlyForDeploymentPostprocessing = 0;
		};
/* End PBXResourcesBuildPhase section */

/* Begin PBXSourcesBuildPhase section */
		74B7F8FF283D268900F303CD /* Sources */ = {
			isa = PBXSourcesBuildPhase;
			buildActionMask = 2147483647;
			files = (
				74B7F922283D491500F303CD /* Extensions.swift in Sources */,
				743B775A283FC21100B29E46 /* NetworkError.swift in Sources */,
				744A9B002842A97F005B5523 /* StockModel.swift in Sources */,
				743B775D2840166600B29E46 /* StocksService.swift in Sources */,
				744A9AFB284297BB005B5523 /* StocksPresenter.swift in Sources */,
				744A9AFE2842A903005B5523 /* StocksRouter.swift in Sources */,
				74B7F90B283D268900F303CD /* StocksViewController.swift in Sources */,
				74C0B8FE28441982005C79E7 /* StockDetailModel.swift in Sources */,
				74C0B8FC28441587005C79E7 /* StockDetailPresenter.swift in Sources */,
				74C0B8F52843DF07005C79E7 /* ModuleBulilder.swift in Sources */,
				74B7F907283D268900F303CD /* AppDelegate.swift in Sources */,
				743B7759283FC21100B29E46 /* Router.swift in Sources */,
				743B7757283FC21100B29E46 /* HTTPMethod.swift in Sources */,
				743B7758283FC21100B29E46 /* NetworkService.swift in Sources */,
				74B7F91B283D2DB300F303CD /* StockCell.swift in Sources */,
				744A9B022842AA1E005B5523 /* StockResponse.swift in Sources */,
				743B77652840D0C100B29E46 /* DetailStockViewController.swift in Sources */,
			);
			runOnlyForDeploymentPostprocessing = 0;
		};
/* End PBXSourcesBuildPhase section */

/* Begin XCBuildConfiguration section */
		74B7F915283D268E00F303CD /* Debug */ = {
			isa = XCBuildConfiguration;
			buildSettings = {
				ALWAYS_SEARCH_USER_PATHS = NO;
				CLANG_ANALYZER_NONNULL = YES;
				CLANG_ANALYZER_NUMBER_OBJECT_CONVERSION = YES_AGGRESSIVE;
				CLANG_CXX_LANGUAGE_STANDARD = "gnu++17";
				CLANG_ENABLE_MODULES = YES;
				CLANG_ENABLE_OBJC_ARC = YES;
				CLANG_ENABLE_OBJC_WEAK = YES;
				CLANG_WARN_BLOCK_CAPTURE_AUTORELEASING = YES;
				CLANG_WARN_BOOL_CONVERSION = YES;
				CLANG_WARN_COMMA = YES;
				CLANG_WARN_CONSTANT_CONVERSION = YES;
				CLANG_WARN_DEPRECATED_OBJC_IMPLEMENTATIONS = YES;
				CLANG_WARN_DIRECT_OBJC_ISA_USAGE = YES_ERROR;
				CLANG_WARN_DOCUMENTATION_COMMENTS = YES;
				CLANG_WARN_EMPTY_BODY = YES;
				CLANG_WARN_ENUM_CONVERSION = YES;
				CLANG_WARN_INFINITE_RECURSION = YES;
				CLANG_WARN_INT_CONVERSION = YES;
				CLANG_WARN_NON_LITERAL_NULL_CONVERSION = YES;
				CLANG_WARN_OBJC_IMPLICIT_RETAIN_SELF = YES;
				CLANG_WARN_OBJC_LITERAL_CONVERSION = YES;
				CLANG_WARN_OBJC_ROOT_CLASS = YES_ERROR;
				CLANG_WARN_QUOTED_INCLUDE_IN_FRAMEWORK_HEADER = YES;
				CLANG_WARN_RANGE_LOOP_ANALYSIS = YES;
				CLANG_WARN_STRICT_PROTOTYPES = YES;
				CLANG_WARN_SUSPICIOUS_MOVE = YES;
				CLANG_WARN_UNGUARDED_AVAILABILITY = YES_AGGRESSIVE;
				CLANG_WARN_UNREACHABLE_CODE = YES;
				CLANG_WARN__DUPLICATE_METHOD_MATCH = YES;
				COPY_PHASE_STRIP = NO;
				DEBUG_INFORMATION_FORMAT = dwarf;
				ENABLE_STRICT_OBJC_MSGSEND = YES;
				ENABLE_TESTABILITY = YES;
				GCC_C_LANGUAGE_STANDARD = gnu11;
				GCC_DYNAMIC_NO_PIC = NO;
				GCC_NO_COMMON_BLOCKS = YES;
				GCC_OPTIMIZATION_LEVEL = 0;
				GCC_PREPROCESSOR_DEFINITIONS = (
					"DEBUG=1",
					"$(inherited)",
				);
				GCC_WARN_64_TO_32_BIT_CONVERSION = YES;
				GCC_WARN_ABOUT_RETURN_TYPE = YES_ERROR;
				GCC_WARN_UNDECLARED_SELECTOR = YES;
				GCC_WARN_UNINITIALIZED_AUTOS = YES_AGGRESSIVE;
				GCC_WARN_UNUSED_FUNCTION = YES;
				GCC_WARN_UNUSED_VARIABLE = YES;
				IPHONEOS_DEPLOYMENT_TARGET = 15.5;
				MTL_ENABLE_DEBUG_INFO = INCLUDE_SOURCE;
				MTL_FAST_MATH = YES;
				ONLY_ACTIVE_ARCH = YES;
				SDKROOT = iphoneos;
				SWIFT_ACTIVE_COMPILATION_CONDITIONS = DEBUG;
				SWIFT_OPTIMIZATION_LEVEL = "-Onone";
			};
			name = Debug;
		};
		74B7F916283D268E00F303CD /* Release */ = {
			isa = XCBuildConfiguration;
			buildSettings = {
				ALWAYS_SEARCH_USER_PATHS = NO;
				CLANG_ANALYZER_NONNULL = YES;
				CLANG_ANALYZER_NUMBER_OBJECT_CONVERSION = YES_AGGRESSIVE;
				CLANG_CXX_LANGUAGE_STANDARD = "gnu++17";
				CLANG_ENABLE_MODULES = YES;
				CLANG_ENABLE_OBJC_ARC = YES;
				CLANG_ENABLE_OBJC_WEAK = YES;
				CLANG_WARN_BLOCK_CAPTURE_AUTORELEASING = YES;
				CLANG_WARN_BOOL_CONVERSION = YES;
				CLANG_WARN_COMMA = YES;
				CLANG_WARN_CONSTANT_CONVERSION = YES;
				CLANG_WARN_DEPRECATED_OBJC_IMPLEMENTATIONS = YES;
				CLANG_WARN_DIRECT_OBJC_ISA_USAGE = YES_ERROR;
				CLANG_WARN_DOCUMENTATION_COMMENTS = YES;
				CLANG_WARN_EMPTY_BODY = YES;
				CLANG_WARN_ENUM_CONVERSION = YES;
				CLANG_WARN_INFINITE_RECURSION = YES;
				CLANG_WARN_INT_CONVERSION = YES;
				CLANG_WARN_NON_LITERAL_NULL_CONVERSION = YES;
				CLANG_WARN_OBJC_IMPLICIT_RETAIN_SELF = YES;
				CLANG_WARN_OBJC_LITERAL_CONVERSION = YES;
				CLANG_WARN_OBJC_ROOT_CLASS = YES_ERROR;
				CLANG_WARN_QUOTED_INCLUDE_IN_FRAMEWORK_HEADER = YES;
				CLANG_WARN_RANGE_LOOP_ANALYSIS = YES;
				CLANG_WARN_STRICT_PROTOTYPES = YES;
				CLANG_WARN_SUSPICIOUS_MOVE = YES;
				CLANG_WARN_UNGUARDED_AVAILABILITY = YES_AGGRESSIVE;
				CLANG_WARN_UNREACHABLE_CODE = YES;
				CLANG_WARN__DUPLICATE_METHOD_MATCH = YES;
				COPY_PHASE_STRIP = NO;
				DEBUG_INFORMATION_FORMAT = "dwarf-with-dsym";
				ENABLE_NS_ASSERTIONS = NO;
				ENABLE_STRICT_OBJC_MSGSEND = YES;
				GCC_C_LANGUAGE_STANDARD = gnu11;
				GCC_NO_COMMON_BLOCKS = YES;
				GCC_WARN_64_TO_32_BIT_CONVERSION = YES;
				GCC_WARN_ABOUT_RETURN_TYPE = YES_ERROR;
				GCC_WARN_UNDECLARED_SELECTOR = YES;
				GCC_WARN_UNINITIALIZED_AUTOS = YES_AGGRESSIVE;
				GCC_WARN_UNUSED_FUNCTION = YES;
				GCC_WARN_UNUSED_VARIABLE = YES;
				IPHONEOS_DEPLOYMENT_TARGET = 15.5;
				MTL_ENABLE_DEBUG_INFO = NO;
				MTL_FAST_MATH = YES;
				SDKROOT = iphoneos;
				SWIFT_COMPILATION_MODE = wholemodule;
				SWIFT_OPTIMIZATION_LEVEL = "-O";
				VALIDATE_PRODUCT = YES;
			};
			name = Release;
		};
		74B7F918283D268E00F303CD /* Debug */ = {
			isa = XCBuildConfiguration;
			buildSettings = {
				ASSETCATALOG_COMPILER_APPICON_NAME = AppIcon;
				ASSETCATALOG_COMPILER_GLOBAL_ACCENT_COLOR_NAME = AccentColor;
				CODE_SIGN_STYLE = Automatic;
				CURRENT_PROJECT_VERSION = 1;
				DEVELOPMENT_TEAM = G5P3M2D27A;
				GENERATE_INFOPLIST_FILE = YES;
				INFOPLIST_FILE = "StocksApp/Suppoting Files/Info.plist";
				INFOPLIST_KEY_UIApplicationSupportsIndirectInputEvents = YES;
				INFOPLIST_KEY_UILaunchStoryboardName = LaunchScreen;
				INFOPLIST_KEY_UISupportedInterfaceOrientations_iPad = "UIInterfaceOrientationPortrait UIInterfaceOrientationPortraitUpsideDown UIInterfaceOrientationLandscapeLeft UIInterfaceOrientationLandscapeRight";
				INFOPLIST_KEY_UISupportedInterfaceOrientations_iPhone = "UIInterfaceOrientationPortrait UIInterfaceOrientationLandscapeLeft UIInterfaceOrientationLandscapeRight";
				LD_RUNPATH_SEARCH_PATHS = (
					"$(inherited)",
					"@executable_path/Frameworks",
				);
				MARKETING_VERSION = 1.0;
				PRODUCT_BUNDLE_IDENTIFIER = com.appsite.StocksApp;
				PRODUCT_NAME = "$(TARGET_NAME)";
				SWIFT_EMIT_LOC_STRINGS = YES;
				SWIFT_VERSION = 5.0;
				TARGETED_DEVICE_FAMILY = "1,2";
			};
			name = Debug;
		};
		74B7F919283D268E00F303CD /* Release */ = {
			isa = XCBuildConfiguration;
			buildSettings = {
				ASSETCATALOG_COMPILER_APPICON_NAME = AppIcon;
				ASSETCATALOG_COMPILER_GLOBAL_ACCENT_COLOR_NAME = AccentColor;
				CODE_SIGN_STYLE = Automatic;
				CURRENT_PROJECT_VERSION = 1;
				DEVELOPMENT_TEAM = G5P3M2D27A;
				GENERATE_INFOPLIST_FILE = YES;
				INFOPLIST_FILE = "StocksApp/Suppoting Files/Info.plist";
				INFOPLIST_KEY_UIApplicationSupportsIndirectInputEvents = YES;
				INFOPLIST_KEY_UILaunchStoryboardName = LaunchScreen;
				INFOPLIST_KEY_UISupportedInterfaceOrientations_iPad = "UIInterfaceOrientationPortrait UIInterfaceOrientationPortraitUpsideDown UIInterfaceOrientationLandscapeLeft UIInterfaceOrientationLandscapeRight";
				INFOPLIST_KEY_UISupportedInterfaceOrientations_iPhone = "UIInterfaceOrientationPortrait UIInterfaceOrientationLandscapeLeft UIInterfaceOrientationLandscapeRight";
				LD_RUNPATH_SEARCH_PATHS = (
					"$(inherited)",
					"@executable_path/Frameworks",
				);
				MARKETING_VERSION = 1.0;
				PRODUCT_BUNDLE_IDENTIFIER = com.appsite.StocksApp;
				PRODUCT_NAME = "$(TARGET_NAME)";
				SWIFT_EMIT_LOC_STRINGS = YES;
				SWIFT_VERSION = 5.0;
				TARGETED_DEVICE_FAMILY = "1,2";
			};
			name = Release;
		};
/* End XCBuildConfiguration section */

/* Begin XCConfigurationList section */
		74B7F8FE283D268900F303CD /* Build configuration list for PBXProject "StocksApp" */ = {
			isa = XCConfigurationList;
			buildConfigurations = (
				74B7F915283D268E00F303CD /* Debug */,
				74B7F916283D268E00F303CD /* Release */,
			);
			defaultConfigurationIsVisible = 0;
			defaultConfigurationName = Release;
		};
		74B7F917283D268E00F303CD /* Build configuration list for PBXNativeTarget "StocksApp" */ = {
			isa = XCConfigurationList;
			buildConfigurations = (
				74B7F918283D268E00F303CD /* Debug */,
				74B7F919283D268E00F303CD /* Release */,
			);
			defaultConfigurationIsVisible = 0;
			defaultConfigurationName = Release;
		};
/* End XCConfigurationList section */
	};
	rootObject = 74B7F8FB283D268900F303CD /* Project object */;
}
